{
  "name": "carleyskitchen.github.io",
  "version": "1.0.0",
  "lockfileVersion": 1,
  "requires": true,
  "dependencies": {
    "tiny-js-modal": {
      "version": "1.0.1",
      "resolved": "https://registry.npmjs.org/tiny-js-modal/-/tiny-js-modal-1.0.1.tgz",
      "integrity": "sha1-mU0Z6VF/tr2USSZ8zRMmmui2Ows="
    }
  }
}
